
Microsoft Visual Studio Solution File, Format Version 12.00
# Visual Studio Version 17
VisualStudioVersion = 17.4.33213.308
MinimumVisualStudioVersion = 10.0.40219.1
Project("{FAE04EC0-301F-11D3-BF4B-00C04F79EFBC}") = "Library management", "Library management\Library management.csproj", "{84A95103-6C48-43BE-9961-C287901A0FB1}"
EndProject
Global
	GlobalSection(SolutionConfigurationPlatforms) = preSolution
		Debug|Any CPU = Debug|Any CPU
		Release|Any CPU = Release|Any CPU
	EndGlobalSection
	GlobalSection(ProjectConfigurationPlatforms) = postSolution
		{84A95103-6C48-43BE-9961-C287901A0FB1}.Debug|Any CPU.ActiveCfg = Debug|Any CPU
		{84A95103-6C48-43BE-9961-C287901A0FB1}.Debug|Any CPU.Build.0 = Debug|Any CPU
		{84A95103-6C48-43BE-9961-C287901A0FB1}.Release|Any CPU.ActiveCfg = Release|Any CPU
		{84A95103-6C48-43BE-9961-C287901A0FB1}.Release|Any CPU.Build.0 = Release|Any CPU
	EndGlobalSection
	GlobalSection(SolutionProperties) = preSolution
		HideSolutionNode = FALSE
	EndGlobalSection
	GlobalSection(ExtensibilityGlobals) = postSolution
		SolutionGuid = {7668B27C-3CB8-4D19-817D-FA4752D16F0E}
	EndGlobalSection
EndGlobal
